// !$*UTF8*$!
{
	archiveVersion = 1;
	classes = {
	};
	objectVersion = 46;
	objects = {

/* Begin PBXBuildFile section */
		E7212F4A1F34B5A600173CD8 /* PxSwift.framework in Frameworks */ = {isa = PBXBuildFile; fileRef = E7212F401F34B5A600173CD8 /* PxSwift.framework */; };
		E7212F4F1F34B5A600173CD8 /* PxSwiftTests.swift in Sources */ = {isa = PBXBuildFile; fileRef = E7212F4E1F34B5A600173CD8 /* PxSwiftTests.swift */; };
		E7212F511F34B5A600173CD8 /* PxSwift.h in Headers */ = {isa = PBXBuildFile; fileRef = E7212F431F34B5A600173CD8 /* PxSwift.h */; settings = {ATTRIBUTES = (Public, ); }; };
		E743312B1F34C73600D20482 /* PxSwift.swift in Sources */ = {isa = PBXBuildFile; fileRef = E743312A1F34C73600D20482 /* PxSwift.swift */; };
/* End PBXBuildFile section */

/* Begin PBXContainerItemProxy section */
		E7212F4B1F34B5A600173CD8 /* PBXContainerItemProxy */ = {
			isa = PBXContainerItemProxy;
			containerPortal = E7212F371F34B5A600173CD8 /* Project object */;
			proxyType = 1;
			remoteGlobalIDString = E7212F3F1F34B5A600173CD8;
			remoteInfo = PxSwift;
		};
/* End PBXContainerItemProxy section */

/* Begin PBXFileReference section */
		E7212F401F34B5A600173CD8 /* PxSwift.framework */ = {isa = PBXFileReference; explicitFileType = wrapper.framework; includeInIndex = 0; path = PxSwift.framework; sourceTree = BUILT_PRODUCTS_DIR; };
		E7212F431F34B5A600173CD8 /* PxSwift.h */ = {isa = PBXFileReference; lastKnownFileType = sourcecode.c.h; path = PxSwift.h; sourceTree = "<group>"; };
		E7212F441F34B5A600173CD8 /* Info.plist */ = {isa = PBXFileReference; lastKnownFileType = text.plist.xml; path = Info.plist; sourceTree = "<group>"; };
		E7212F491F34B5A600173CD8 /* PxSwiftTests.xctest */ = {isa = PBXFileReference; explicitFileType = wrapper.cfbundle; includeInIndex = 0; path = PxSwiftTests.xctest; sourceTree = BUILT_PRODUCTS_DIR; };
		E7212F4E1F34B5A600173CD8 /* PxSwiftTests.swift */ = {isa = PBXFileReference; lastKnownFileType = sourcecode.swift; path = PxSwiftTests.swift; sourceTree = "<group>"; };
		E7212F501F34B5A600173CD8 /* Info.plist */ = {isa = PBXFileReference; lastKnownFileType = text.plist.xml; path = Info.plist; sourceTree = "<group>"; };
		E743312A1F34C73600D20482 /* PxSwift.swift */ = {isa = PBXFileReference; fileEncoding = 4; lastKnownFileType = sourcecode.swift; path = PxSwift.swift; sourceTree = "<group>"; };
/* End PBXFileReference section */

/* Begin PBXFrameworksBuildPhase section */
		E7212F3C1F34B5A600173CD8 /* Frameworks */ = {
			isa = PBXFrameworksBuildPhase;
			buildActionMask = 2147483647;
			files = (
			);
			runOnlyForDeploymentPostprocessing = 0;
		};
		E7212F461F34B5A600173CD8 /* Frameworks */ = {
			isa = PBXFrameworksBuildPhase;
			buildActionMask = 2147483647;
			files = (
				E7212F4A1F34B5A600173CD8 /* PxSwift.framework in Frameworks */,
			);
			runOnlyForDeploymentPostprocessing = 0;
		};
/* End PBXFrameworksBuildPhase section */

/* Begin PBXGroup section */
		E7212F361F34B5A600173CD8 = {
			isa = PBXGroup;
			children = (
				E7212F421F34B5A600173CD8 /* PxSwift */,
				E7212F4D1F34B5A600173CD8 /* PxSwiftTests */,
				E7212F411F34B5A600173CD8 /* Products */,
			);
			sourceTree = "<group>";
		};
		E7212F411F34B5A600173CD8 /* Products */ = {
			isa = PBXGroup;
			children = (
				E7212F401F34B5A600173CD8 /* PxSwift.framework */,
				E7212F491F34B5A600173CD8 /* PxSwiftTests.xctest */,
			);
			name = Products;
			sourceTree = "<group>";
		};
		E7212F421F34B5A600173CD8 /* PxSwift */ = {
			isa = PBXGroup;
			children = (
				E7212F431F34B5A600173CD8 /* PxSwift.h */,
				E743312A1F34C73600D20482 /* PxSwift.swift */,
				E7212F441F34B5A600173CD8 /* Info.plist */,
			);
			path = PxSwift;
			sourceTree = "<group>";
		};
		E7212F4D1F34B5A600173CD8 /* PxSwiftTests */ = {
			isa = PBXGroup;
			children = (
				E7212F4E1F34B5A600173CD8 /* PxSwiftTests.swift */,
				E7212F501F34B5A600173CD8 /* Info.plist */,
			);
			path = PxSwiftTests;
			sourceTree = "<group>";
		};
/* End PBXGroup section */

/* Begin PBXHeadersBuildPhase section */
		E7212F3D1F34B5A600173CD8 /* Headers */ = {
			isa = PBXHeadersBuildPhase;
			buildActionMask = 2147483647;
			files = (
				E7212F511F34B5A600173CD8 /* PxSwift.h in Headers */,
			);
			runOnlyForDeploymentPostprocessing = 0;
		};
/* End PBXHeadersBuildPhase section */

/* Begin PBXNativeTarget section */
		E7212F3F1F34B5A600173CD8 /* PxSwift */ = {
			isa = PBXNativeTarget;
			buildConfigurationList = E7212F541F34B5A600173CD8 /* Build configuration list for PBXNativeTarget "PxSwift" */;
			buildPhases = (
				E7212F3B1F34B5A600173CD8 /* Sources */,
				E7212F3C1F34B5A600173CD8 /* Frameworks */,
				E7212F3D1F34B5A600173CD8 /* Headers */,
				E7212F3E1F34B5A600173CD8 /* Resources */,
			);
			buildRules = (
			);
			dependencies = (
			);
			name = PxSwift;
			productName = PxSwift;
			productReference = E7212F401F34B5A600173CD8 /* PxSwift.framework */;
			productType = "com.apple.product-type.framework";
		};
		E7212F481F34B5A600173CD8 /* PxSwiftTests */ = {
			isa = PBXNativeTarget;
			buildConfigurationList = E7212F571F34B5A600173CD8 /* Build configuration list for PBXNativeTarget "PxSwiftTests" */;
			buildPhases = (
				E7212F451F34B5A600173CD8 /* Sources */,
				E7212F461F34B5A600173CD8 /* Frameworks */,
				E7212F471F34B5A600173CD8 /* Resources */,
			);
			buildRules = (
			);
			dependencies = (
				E7212F4C1F34B5A600173CD8 /* PBXTargetDependency */,
			);
			name = PxSwiftTests;
			productName = PxSwiftTests;
			productReference = E7212F491F34B5A600173CD8 /* PxSwiftTests.xctest */;
			productType = "com.apple.product-type.bundle.unit-test";
		};
/* End PBXNativeTarget section */

/* Begin PBXProject section */
		E7212F371F34B5A600173CD8 /* Project object */ = {
			isa = PBXProject;
			attributes = {
				LastSwiftUpdateCheck = 0830;
				LastUpgradeCheck = 0830;
				ORGANIZATIONNAME = "Atsuya Sato";
				TargetAttributes = {
					E7212F3F1F34B5A600173CD8 = {
						CreatedOnToolsVersion = 8.3.3;
						LastSwiftMigration = 0830;
						ProvisioningStyle = Automatic;
					};
					E7212F481F34B5A600173CD8 = {
						CreatedOnToolsVersion = 8.3.3;
						ProvisioningStyle = Automatic;
					};
				};
			};
			buildConfigurationList = E7212F3A1F34B5A600173CD8 /* Build configuration list for PBXProject "PxSwift" */;
			compatibilityVersion = "Xcode 3.2";
			developmentRegion = English;
			hasScannedForEncodings = 0;
			knownRegions = (
				en,
			);
			mainGroup = E7212F361F34B5A600173CD8;
			productRefGroup = E7212F411F34B5A600173CD8 /* Products */;
			projectDirPath = "";
			projectRoot = "";
			targets = (
				E7212F3F1F34B5A600173CD8 /* PxSwift */,
				E7212F481F34B5A600173CD8 /* PxSwiftTests */,
			);
		};
/* End PBXProject section */

/* Begin PBXResourcesBuildPhase section */
		E7212F3E1F34B5A600173CD8 /* Resources */ = {
			isa = PBXResourcesBuildPhase;
			buildActionMask = 2147483647;
			files = (
			);
			runOnlyForDeploymentPostprocessing = 0;
		};
		E7212F471F34B5A600173CD8 /* Resources */ = {
			isa = PBXResourcesBuildPhase;
			buildActionMask = 2147483647;
			files = (
			);
			runOnlyForDeploymentPostprocessing = 0;
		};
/* End PBXResourcesBuildPhase section */

/* Begin PBXSourcesBuildPhase section */
		E7212F3B1F34B5A600173CD8 /* Sources */ = {
			isa = PBXSourcesBuildPhase;
			buildActionMask = 2147483647;
			files = (
				E743312B1F34C73600D20482 /* PxSwift.swift in Sources */,
			);
			runOnlyForDeploymentPostprocessing = 0;
		};
		E7212F451F34B5A600173CD8 /* Sources */ = {
			isa = PBXSourcesBuildPhase;
			buildActionMask = 2147483647;
			files = (
				E7212F4F1F34B5A600173CD8 /* PxSwiftTests.swift in Sources */,
			);
			runOnlyForDeploymentPostprocessing = 0;
		};
/* End PBXSourcesBuildPhase section */

/* Begin PBXTargetDependency section */
		E7212F4C1F34B5A600173CD8 /* PBXTargetDependency */ = {
			isa = PBXTargetDependency;
			target = E7212F3F1F34B5A600173CD8 /* PxSwift */;
			targetProxy = E7212F4B1F34B5A600173CD8 /* PBXContainerItemProxy */;
		};
/* End PBXTargetDependency section */

/* Begin XCBuildConfiguration section */
		E7212F521F34B5A600173CD8 /* Debug */ = {
			isa = XCBuildConfiguration;
			buildSettings = {
				ALWAYS_SEARCH_USER_PATHS = NO;
				CLANG_ANALYZER_NONNULL = YES;
				CLANG_ANALYZER_NUMBER_OBJECT_CONVERSION = YES_AGGRESSIVE;
				CLANG_CXX_LANGUAGE_STANDARD = "gnu++0x";
				CLANG_CXX_LIBRARY = "libc++";
				CLANG_ENABLE_MODULES = YES;
				CLANG_ENABLE_OBJC_ARC = YES;
				CLANG_WARN_BOOL_CONVERSION = YES;
				CLANG_WARN_CONSTANT_CONVERSION = YES;
				CLANG_WARN_DIRECT_OBJC_ISA_USAGE = YES_ERROR;
				CLANG_WARN_DOCUMENTATION_COMMENTS = YES;
				CLANG_WARN_EMPTY_BODY = YES;
				CLANG_WARN_ENUM_CONVERSION = YES;
				CLANG_WARN_INFINITE_RECURSION = YES;
				CLANG_WARN_INT_CONVERSION = YES;
				CLANG_WARN_OBJC_ROOT_CLASS = YES_ERROR;
				CLANG_WARN_SUSPICIOUS_MOVE = YES;
				CLANG_WARN_UNREACHABLE_CODE = YES;
				CLANG_WARN__DUPLICATE_METHOD_MATCH = YES;
				"CODE_SIGN_IDENTITY[sdk=iphoneos*]" = "iPhone Developer";
				COPY_PHASE_STRIP = NO;
				CURRENT_PROJECT_VERSION = 1;
				DEBUG_INFORMATION_FORMAT = dwarf;
				ENABLE_STRICT_OBJC_MSGSEND = YES;
				ENABLE_TESTABILITY = YES;
				GCC_C_LANGUAGE_STANDARD = gnu99;
				GCC_DYNAMIC_NO_PIC = NO;
				GCC_NO_COMMON_BLOCKS = YES;
				GCC_OPTIMIZATION_LEVEL = 0;
				GCC_PREPROCESSOR_DEFINITIONS = (
					"DEBUG=1",
					"$(inherited)",
				);
				GCC_WARN_64_TO_32_BIT_CONVERSION = YES;
				GCC_WARN_ABOUT_RETURN_TYPE = YES_ERROR;
				GCC_WARN_UNDECLARED_SELECTOR = YES;
				GCC_WARN_UNINITIALIZED_AUTOS = YES_AGGRESSIVE;
				GCC_WARN_UNUSED_FUNCTION = YES;
				GCC_WARN_UNUSED_VARIABLE = YES;
				IPHONEOS_DEPLOYMENT_TARGET = 8.0;
				MTL_ENABLE_DEBUG_INFO = YES;
				ONLY_ACTIVE_ARCH = YES;
				SDKROOT = iphoneos;
				SWIFT_ACTIVE_COMPILATION_CONDITIONS = DEBUG;
				SWIFT_OPTIMIZATION_LEVEL = "-Onone";
				TARGETED_DEVICE_FAMILY = "1,2";
				VERSIONING_SYSTEM = "apple-generic";
				VERSION_INFO_PREFIX = "";
			};
			name = Debug;
		};
		E7212F531F34B5A600173CD8 /* Release */ = {
			isa = XCBuildConfiguration;
			buildSettings = {
				ALWAYS_SEARCH_USER_PATHS = NO;
				CLANG_ANALYZER_NONNULL = YES;
				CLANG_ANALYZER_NUMBER_OBJECT_CONVERSION = YES_AGGRESSIVE;
				CLANG_CXX_LANGUAGE_STANDARD = "gnu++0x";
				CLANG_CXX_LIBRARY = "libc++";
				CLANG_ENABLE_MODULES = YES;
				CLANG_ENABLE_OBJC_ARC = YES;
				CLANG_WARN_BOOL_CONVERSION = YES;
				CLANG_WARN_CONSTANT_CONVERSION = YES;
				CLANG_WARN_DIRECT_OBJC_ISA_USAGE = YES_ERROR;
				CLANG_WARN_DOCUMENTATION_COMMENTS = YES;
				CLANG_WARN_EMPTY_BODY = YES;
				CLANG_WARN_ENUM_CONVERSION = YES;
				CLANG_WARN_INFINITE_RECURSION = YES;
				CLANG_WARN_INT_CONVERSION = YES;
				CLANG_WARN_OBJC_ROOT_CLASS = YES_ERROR;
				CLANG_WARN_SUSPICIOUS_MOVE = YES;
				CLANG_WARN_UNREACHABLE_CODE = YES;
				CLANG_WARN__DUPLICATE_METHOD_MATCH = YES;
				"CODE_SIGN_IDENTITY[sdk=iphoneos*]" = "iPhone Developer";
				COPY_PHASE_STRIP = NO;
				CURRENT_PROJECT_VERSION = 1;
				DEBUG_INFORMATION_FORMAT = "dwarf-with-dsym";
				ENABLE_NS_ASSERTIONS = NO;
				ENABLE_STRICT_OBJC_MSGSEND = YES;
				GCC_C_LANGUAGE_STANDARD = gnu99;
				GCC_NO_COMMON_BLOCKS = YES;
				GCC_WARN_64_TO_32_BIT_CONVERSION = YES;
				GCC_WARN_ABOUT_RETURN_TYPE = YES_ERROR;
				GCC_WARN_UNDECLARED_SELECTOR = YES;
				GCC_WARN_UNINITIALIZED_AUTOS = YES_AGGRESSIVE;
				GCC_WARN_UNUSED_FUNCTION = YES;
				GCC_WARN_UNUSED_VARIABLE = YES;
				IPHONEOS_DEPLOYMENT_TARGET = 8.0;
				MTL_ENABLE_DEBUG_INFO = NO;
				SDKROOT = iphoneos;
				SWIFT_OPTIMIZATION_LEVEL = "-Owholemodule";
				TARGETED_DEVICE_FAMILY = "1,2";
				VALIDATE_PRODUCT = YES;
				VERSIONING_SYSTEM = "apple-generic";
				VERSION_INFO_PREFIX = "";
			};
			name = Release;
		};
		E7212F551F34B5A600173CD8 /* Debug */ = {
			isa = XCBuildConfiguration;
			buildSettings = {
				CLANG_ENABLE_MODULES = YES;
				CODE_SIGN_IDENTITY = "";
				DEFINES_MODULE = YES;
				DEVELOPMENT_TEAM = "";
				DYLIB_COMPATIBILITY_VERSION = 1;
				DYLIB_CURRENT_VERSION = 1;
				DYLIB_INSTALL_NAME_BASE = "@rpath";
				INFOPLIST_FILE = PxSwift/Info.plist;
				INSTALL_PATH = "$(LOCAL_LIBRARY_DIR)/Frameworks";
				IPHONEOS_DEPLOYMENT_TARGET = 8.0;
				LD_RUNPATH_SEARCH_PATHS = "$(inherited) @executable_path/Frameworks @loader_path/Frameworks";
				PRODUCT_BUNDLE_IDENTIFIER = io.github.natmark.PxSwift;
				PRODUCT_NAME = "$(TARGET_NAME)";
				SKIP_INSTALL = YES;
				SWIFT_OPTIMIZATION_LEVEL = "-Onone";
				SWIFT_VERSION = 3.0;
			};
			name = Debug;
		};
		E7212F561F34B5A600173CD8 /* Release */ = {
			isa = XCBuildConfiguration;
			buildSettings = {
				CLANG_ENABLE_MODULES = YES;
				CODE_SIGN_IDENTITY = "";
				DEFINES_MODULE = YES;
				DEVELOPMENT_TEAM = "";
				DYLIB_COMPATIBILITY_VERSION = 1;
				DYLIB_CURRENT_VERSION = 1;
				DYLIB_INSTALL_NAME_BASE = "@rpath";
				INFOPLIST_FILE = PxSwift/Info.plist;
				INSTALL_PATH = "$(LOCAL_LIBRARY_DIR)/Frameworks";
				IPHONEOS_DEPLOYMENT_TARGET = 8.0;
				LD_RUNPATH_SEARCH_PATHS = "$(inherited) @executable_path/Frameworks @loader_path/Frameworks";
				PRODUCT_BUNDLE_IDENTIFIER = io.github.natmark.PxSwift;
				PRODUCT_NAME = "$(TARGET_NAME)";
				SKIP_INSTALL = YES;
				SWIFT_VERSION = 3.0;
			};
			name = Release;
		};
		E7212F581F34B5A600173CD8 /* Debug */ = {
			isa = XCBuildConfiguration;
			buildSettings = {
				ALWAYS_EMBED_SWIFT_STANDARD_LIBRARIES = YES;
				DEVELOPMENT_TEAM = "";
				INFOPLIST_FILE = PxSwiftTests/Info.plist;
				LD_RUNPATH_SEARCH_PATHS = "$(inherited) @executable_path/Frameworks @loader_path/Frameworks";
				PRODUCT_BUNDLE_IDENTIFIER = io.github.natmark.PxSwiftTests;
				PRODUCT_NAME = "$(TARGET_NAME)";
				SWIFT_VERSION = 3.0;
			};
			name = Debug;
		};
		E7212F591F34B5A600173CD8 /* Release */ = {
			isa = XCBuildConfiguration;
			buildSettings = {
				ALWAYS_EMBED_SWIFT_STANDARD_LIBRARIES = YES;
				DEVELOPMENT_TEAM = "";
				INFOPLIST_FILE = PxSwiftTests/Info.plist;
				LD_RUNPATH_SEARCH_PATHS = "$(inherited) @executable_path/Frameworks @loader_path/Frameworks";
				PRODUCT_BUNDLE_IDENTIFIER = io.github.natmark.PxSwiftTests;
				PRODUCT_NAME = "$(TARGET_NAME)";
				SWIFT_VERSION = 3.0;
			};
			name = Release;
		};
/* End XCBuildConfiguration section */

/* Begin XCConfigurationList section */
		E7212F3A1F34B5A600173CD8 /* Build configuration list for PBXProject "PxSwift" */ = {
			isa = XCConfigurationList;
			buildConfigurations = (
				E7212F521F34B5A600173CD8 /* Debug */,
				E7212F531F34B5A600173CD8 /* Release */,
			);
			defaultConfigurationIsVisible = 0;
			defaultConfigurationName = Release;
		};
		E7212F541F34B5A600173CD8 /* Build configuration list for PBXNativeTarget "PxSwift" */ = {
			isa = XCConfigurationList;
			buildConfigurations = (
				E7212F551F34B5A600173CD8 /* Debug */,
				E7212F561F34B5A600173CD8 /* Release */,
			);
			defaultConfigurationIsVisible = 0;
			defaultConfigurationName = Release;
		};
		E7212F571F34B5A600173CD8 /* Build configuration list for PBXNativeTarget "PxSwiftTests" */ = {
			isa = XCConfigurationList;
			buildConfigurations = (
				E7212F581F34B5A600173CD8 /* Debug */,
				E7212F591F34B5A600173CD8 /* Release */,
			);
			defaultConfigurationIsVisible = 0;
			defaultConfigurationName = Release;
		};
/* End XCConfigurationList section */
	};
	rootObject = E7212F371F34B5A600173CD8 /* Project object */;
}
