// !$*UTF8*$!
{
	archiveVersion = 1;
	classes = {
	};
	objectVersion = 46;
	objects = {

/* Begin PBXBuildFile section */
		E7054AD71F34D36200EA0C0F /* TouchSampleView.swift in Sources */ = {isa = PBXBuildFile; fileRef = E7054AD61F34D36200EA0C0F /* TouchSampleView.swift */; };
		E70595211F44899E005C8856 /* EllipseSampleView.swift in Sources */ = {isa = PBXBuildFile; fileRef = E70595201F44899E005C8856 /* EllipseSampleView.swift */; };
		E70595231F4489AA005C8856 /* TextSampleView.swift in Sources */ = {isa = PBXBuildFile; fileRef = E70595221F4489AA005C8856 /* TextSampleView.swift */; };
		E70595251F4489B8005C8856 /* RectSampleView.swift in Sources */ = {isa = PBXBuildFile; fileRef = E70595241F4489B8005C8856 /* RectSampleView.swift */; };
		E71388D61F79568F00A45FA6 /* ArcSampleViewController.swift in Sources */ = {isa = PBXBuildFile; fileRef = E71388D51F79568F00A45FA6 /* ArcSampleViewController.swift */; };
		E71388D91F79569900A45FA6 /* ArcSampleViewController.storyboard in Resources */ = {isa = PBXBuildFile; fileRef = E71388D81F79569900A45FA6 /* ArcSampleViewController.storyboard */; };
		E71388DB1F7956B700A45FA6 /* ArcSampleView.swift in Sources */ = {isa = PBXBuildFile; fileRef = E71388DA1F7956B700A45FA6 /* ArcSampleView.swift */; };
		E71779F81F4C60A2004243F2 /* ParticlesSampleViewController.storyboard in Resources */ = {isa = PBXBuildFile; fileRef = E71779F71F4C60A2004243F2 /* ParticlesSampleViewController.storyboard */; };
		E71779FB1F4C6169004243F2 /* RectSampleViewController.storyboard in Resources */ = {isa = PBXBuildFile; fileRef = E71779FA1F4C6169004243F2 /* RectSampleViewController.storyboard */; };
		E71779FD1F4C617E004243F2 /* TextSampleViewController.storyboard in Resources */ = {isa = PBXBuildFile; fileRef = E71779FC1F4C617E004243F2 /* TextSampleViewController.storyboard */; };
		E71779FF1F4C6195004243F2 /* EllipseSampleViewController.storyboard in Resources */ = {isa = PBXBuildFile; fileRef = E71779FE1F4C6195004243F2 /* EllipseSampleViewController.storyboard */; };
		E72A2AB21F7F95F50044F879 /* ClockSampleViewController.storyboard in Resources */ = {isa = PBXBuildFile; fileRef = E72A2AB11F7F95F50044F879 /* ClockSampleViewController.storyboard */; };
		E72A2AB51F7F96020044F879 /* ClockSampleView.swift in Sources */ = {isa = PBXBuildFile; fileRef = E72A2AB41F7F96020044F879 /* ClockSampleView.swift */; };
		E72A2AB71F7F961A0044F879 /* ClockSampleViewController.swift in Sources */ = {isa = PBXBuildFile; fileRef = E72A2AB61F7F961A0044F879 /* ClockSampleViewController.swift */; };
		E743310B1F34C6AB00D20482 /* AppDelegate.swift in Sources */ = {isa = PBXBuildFile; fileRef = E743310A1F34C6AB00D20482 /* AppDelegate.swift */; };
		E74331101F34C6AB00D20482 /* Main.storyboard in Resources */ = {isa = PBXBuildFile; fileRef = E743310E1F34C6AB00D20482 /* Main.storyboard */; };
		E74331121F34C6AB00D20482 /* Assets.xcassets in Resources */ = {isa = PBXBuildFile; fileRef = E74331111F34C6AB00D20482 /* Assets.xcassets */; };
		E74331151F34C6AB00D20482 /* LaunchScreen.storyboard in Resources */ = {isa = PBXBuildFile; fileRef = E74331131F34C6AB00D20482 /* LaunchScreen.storyboard */; };
		E747DD961F432F14006BAC6A /* ProcessingKit.framework in Frameworks */ = {isa = PBXBuildFile; fileRef = E747DD8E1F432E9C006BAC6A /* ProcessingKit.framework */; };
		E747DD971F432F14006BAC6A /* ProcessingKit.framework in Embed Frameworks */ = {isa = PBXBuildFile; fileRef = E747DD8E1F432E9C006BAC6A /* ProcessingKit.framework */; settings = {ATTRIBUTES = (CodeSignOnCopy, RemoveHeadersOnCopy, ); }; };
		E747DDB21F446A81006BAC6A /* MainTableViewController.swift in Sources */ = {isa = PBXBuildFile; fileRef = E747DDB11F446A81006BAC6A /* MainTableViewController.swift */; };
		E747DDB51F447322006BAC6A /* TouchSampleViewController.storyboard in Resources */ = {isa = PBXBuildFile; fileRef = E747DDB41F447322006BAC6A /* TouchSampleViewController.storyboard */; };
		E747DDB71F447335006BAC6A /* TouchSampleViewController.swift in Sources */ = {isa = PBXBuildFile; fileRef = E747DDB61F447335006BAC6A /* TouchSampleViewController.swift */; };
		E747DDB91F4473E8006BAC6A /* ViewController.swift in Sources */ = {isa = PBXBuildFile; fileRef = E747DDB81F4473E8006BAC6A /* ViewController.swift */; };
		E76820071F7AAEB4009E8FD2 /* ImageSampleView.swift in Sources */ = {isa = PBXBuildFile; fileRef = E76820061F7AAEB4009E8FD2 /* ImageSampleView.swift */; };
		E76820091F7AAEE1009E8FD2 /* ImageSampleViewController.swift in Sources */ = {isa = PBXBuildFile; fileRef = E76820081F7AAEE1009E8FD2 /* ImageSampleViewController.swift */; };
		E768200B1F7AAF87009E8FD2 /* ImageSampleViewController.storyboard in Resources */ = {isa = PBXBuildFile; fileRef = E768200A1F7AAF0D009E8FD2 /* ImageSampleViewController.storyboard */; };
		E77AEFDE1FF684C600B97406 /* TriangleSampleViewController.storyboard in Resources */ = {isa = PBXBuildFile; fileRef = E77AEFDD1FF684C600B97406 /* TriangleSampleViewController.storyboard */; };
		E77AEFE11FF684E900B97406 /* TriangleSampleViewController.swift in Sources */ = {isa = PBXBuildFile; fileRef = E77AEFE01FF684E900B97406 /* TriangleSampleViewController.swift */; };
		E77AEFE31FF684F600B97406 /* TriangleSampleView.swift in Sources */ = {isa = PBXBuildFile; fileRef = E77AEFE21FF684F600B97406 /* TriangleSampleView.swift */; };
		E77AEFE91FF68ACB00B97406 /* QuadSampleViewController.swift in Sources */ = {isa = PBXBuildFile; fileRef = E77AEFE81FF68ACB00B97406 /* QuadSampleViewController.swift */; };
		E77AEFEE1FF68AF300B97406 /* QuadSampleViewController.storyboard in Resources */ = {isa = PBXBuildFile; fileRef = E77AEFED1FF68AF300B97406 /* QuadSampleViewController.storyboard */; };
		E77AEFF01FF68B0200B97406 /* QuadSampleView.swift in Sources */ = {isa = PBXBuildFile; fileRef = E77AEFEF1FF68B0200B97406 /* QuadSampleView.swift */; };
		E7B77DC51FF7B74100CE691A /* CurveSampleViewController.swift in Sources */ = {isa = PBXBuildFile; fileRef = E7B77DC41FF7B74100CE691A /* CurveSampleViewController.swift */; };
		E7B77DC81FF7B75500CE691A /* CurveSampleView.swift in Sources */ = {isa = PBXBuildFile; fileRef = E7B77DC71FF7B75500CE691A /* CurveSampleView.swift */; };
		E7B77DCA1FF7B76300CE691A /* CurveSampleViewController.storyboard in Resources */ = {isa = PBXBuildFile; fileRef = E7B77DC91FF7B76300CE691A /* CurveSampleViewController.storyboard */; };
		E7D399121F44A4D1006AF039 /* ParticlesSampleView.swift in Sources */ = {isa = PBXBuildFile; fileRef = E7D399111F44A4D1006AF039 /* ParticlesSampleView.swift */; };
		E7D399141F44A505006AF039 /* ParticlesSampleViewController.swift in Sources */ = {isa = PBXBuildFile; fileRef = E7D399131F44A505006AF039 /* ParticlesSampleViewController.swift */; };
		E7F3BA7D1F44880200EFB169 /* TextSampleViewController.swift in Sources */ = {isa = PBXBuildFile; fileRef = E7F3BA7C1F44880200EFB169 /* TextSampleViewController.swift */; };
		E7F3BA7F1F44880F00EFB169 /* RectSampleViewController.swift in Sources */ = {isa = PBXBuildFile; fileRef = E7F3BA7E1F44880F00EFB169 /* RectSampleViewController.swift */; };
		E7F3BA811F44881A00EFB169 /* EllipseSampleViewController.swift in Sources */ = {isa = PBXBuildFile; fileRef = E7F3BA801F44881A00EFB169 /* EllipseSampleViewController.swift */; };
/* End PBXBuildFile section */

/* Begin PBXContainerItemProxy section */
		E747DD8D1F432E9C006BAC6A /* PBXContainerItemProxy */ = {
			isa = PBXContainerItemProxy;
			containerPortal = E747DD881F432E9B006BAC6A /* ProcessingKit.xcodeproj */;
			proxyType = 2;
			remoteGlobalIDString = E7212F401F34B5A600173CD8;
			remoteInfo = ProcessingKit;
		};
		E747DD8F1F432E9C006BAC6A /* PBXContainerItemProxy */ = {
			isa = PBXContainerItemProxy;
			containerPortal = E747DD881F432E9B006BAC6A /* ProcessingKit.xcodeproj */;
			proxyType = 2;
			remoteGlobalIDString = E7212F491F34B5A600173CD8;
			remoteInfo = ProcessingKitTests;
		};
		E747DD981F432F14006BAC6A /* PBXContainerItemProxy */ = {
			isa = PBXContainerItemProxy;
			containerPortal = E747DD881F432E9B006BAC6A /* ProcessingKit.xcodeproj */;
			proxyType = 1;
			remoteGlobalIDString = E7212F3F1F34B5A600173CD8;
			remoteInfo = ProcessingKit;
		};
		E7B2F728214555F2003B642A /* PBXContainerItemProxy */ = {
			isa = PBXContainerItemProxy;
			containerPortal = E747DD881F432E9B006BAC6A /* ProcessingKit.xcodeproj */;
			proxyType = 2;
			remoteGlobalIDString = E7B2F67A21454010003B642A;
			remoteInfo = ProcessingKitCore;
		};
		E7B2F72A214555F2003B642A /* PBXContainerItemProxy */ = {
			isa = PBXContainerItemProxy;
			containerPortal = E747DD881F432E9B006BAC6A /* ProcessingKit.xcodeproj */;
			proxyType = 2;
			remoteGlobalIDString = E7B2F70F214553BF003B642A;
			remoteInfo = ProcessingKitCoreOSX;
		};
		E7E79BD92008674B003CDAC5 /* PBXContainerItemProxy */ = {
			isa = PBXContainerItemProxy;
			containerPortal = E747DD881F432E9B006BAC6A /* ProcessingKit.xcodeproj */;
			proxyType = 2;
			remoteGlobalIDString = E7B77DD31FF7E02900CE691A;
			remoteInfo = "ProcessingKit OSX";
		};
/* End PBXContainerItemProxy section */

/* Begin PBXCopyFilesBuildPhase section */
		E747DD9A1F432F14006BAC6A /* Embed Frameworks */ = {
			isa = PBXCopyFilesBuildPhase;
			buildActionMask = 2147483647;
			dstPath = "";
			dstSubfolderSpec = 10;
			files = (
				E747DD971F432F14006BAC6A /* ProcessingKit.framework in Embed Frameworks */,
			);
			name = "Embed Frameworks";
			runOnlyForDeploymentPostprocessing = 0;
		};
/* End PBXCopyFilesBuildPhase section */

/* Begin PBXFileReference section */
		E7054ACF1F34CA9D00EA0C0F /* SpriteKit.framework */ = {isa = PBXFileReference; lastKnownFileType = wrapper.framework; name = SpriteKit.framework; path = System/Library/Frameworks/SpriteKit.framework; sourceTree = SDKROOT; };
		E7054AD61F34D36200EA0C0F /* TouchSampleView.swift */ = {isa = PBXFileReference; lastKnownFileType = sourcecode.swift; path = TouchSampleView.swift; sourceTree = "<group>"; };
		E70595201F44899E005C8856 /* EllipseSampleView.swift */ = {isa = PBXFileReference; lastKnownFileType = sourcecode.swift; path = EllipseSampleView.swift; sourceTree = "<group>"; };
		E70595221F4489AA005C8856 /* TextSampleView.swift */ = {isa = PBXFileReference; lastKnownFileType = sourcecode.swift; path = TextSampleView.swift; sourceTree = "<group>"; };
		E70595241F4489B8005C8856 /* RectSampleView.swift */ = {isa = PBXFileReference; lastKnownFileType = sourcecode.swift; path = RectSampleView.swift; sourceTree = "<group>"; };
		E71388D51F79568F00A45FA6 /* ArcSampleViewController.swift */ = {isa = PBXFileReference; lastKnownFileType = sourcecode.swift; path = ArcSampleViewController.swift; sourceTree = "<group>"; };
		E71388D81F79569900A45FA6 /* ArcSampleViewController.storyboard */ = {isa = PBXFileReference; lastKnownFileType = file.storyboard; path = ArcSampleViewController.storyboard; sourceTree = "<group>"; };
		E71388DA1F7956B700A45FA6 /* ArcSampleView.swift */ = {isa = PBXFileReference; lastKnownFileType = sourcecode.swift; path = ArcSampleView.swift; sourceTree = "<group>"; };
		E71779F71F4C60A2004243F2 /* ParticlesSampleViewController.storyboard */ = {isa = PBXFileReference; fileEncoding = 4; lastKnownFileType = file.storyboard; path = ParticlesSampleViewController.storyboard; sourceTree = "<group>"; };
		E71779FA1F4C6169004243F2 /* RectSampleViewController.storyboard */ = {isa = PBXFileReference; fileEncoding = 4; lastKnownFileType = file.storyboard; path = RectSampleViewController.storyboard; sourceTree = "<group>"; };
		E71779FC1F4C617E004243F2 /* TextSampleViewController.storyboard */ = {isa = PBXFileReference; fileEncoding = 4; lastKnownFileType = file.storyboard; path = TextSampleViewController.storyboard; sourceTree = "<group>"; };
		E71779FE1F4C6195004243F2 /* EllipseSampleViewController.storyboard */ = {isa = PBXFileReference; fileEncoding = 4; lastKnownFileType = file.storyboard; path = EllipseSampleViewController.storyboard; sourceTree = "<group>"; };
		E72A2AB11F7F95F50044F879 /* ClockSampleViewController.storyboard */ = {isa = PBXFileReference; lastKnownFileType = file.storyboard; path = ClockSampleViewController.storyboard; sourceTree = "<group>"; };
		E72A2AB41F7F96020044F879 /* ClockSampleView.swift */ = {isa = PBXFileReference; lastKnownFileType = sourcecode.swift; path = ClockSampleView.swift; sourceTree = "<group>"; };
		E72A2AB61F7F961A0044F879 /* ClockSampleViewController.swift */ = {isa = PBXFileReference; lastKnownFileType = sourcecode.swift; path = ClockSampleViewController.swift; sourceTree = "<group>"; };
		E74331071F34C6AB00D20482 /* ProcessingKitExample.app */ = {isa = PBXFileReference; explicitFileType = wrapper.application; includeInIndex = 0; path = ProcessingKitExample.app; sourceTree = BUILT_PRODUCTS_DIR; };
		E743310A1F34C6AB00D20482 /* AppDelegate.swift */ = {isa = PBXFileReference; lastKnownFileType = sourcecode.swift; path = AppDelegate.swift; sourceTree = "<group>"; };
		E743310F1F34C6AB00D20482 /* Base */ = {isa = PBXFileReference; lastKnownFileType = file.storyboard; name = Base; path = Base.lproj/Main.storyboard; sourceTree = "<group>"; };
		E74331111F34C6AB00D20482 /* Assets.xcassets */ = {isa = PBXFileReference; lastKnownFileType = folder.assetcatalog; path = Assets.xcassets; sourceTree = "<group>"; };
		E74331141F34C6AB00D20482 /* Base */ = {isa = PBXFileReference; lastKnownFileType = file.storyboard; name = Base; path = Base.lproj/LaunchScreen.storyboard; sourceTree = "<group>"; };
		E74331161F34C6AB00D20482 /* Info.plist */ = {isa = PBXFileReference; fileEncoding = 4; lastKnownFileType = text.plist.xml; path = Info.plist; sourceTree = "<group>"; };
		E747DD881F432E9B006BAC6A /* ProcessingKit.xcodeproj */ = {isa = PBXFileReference; lastKnownFileType = "wrapper.pb-project"; name = ProcessingKit.xcodeproj; path = ../ProcessingKit.xcodeproj; sourceTree = "<group>"; };
		E747DDB11F446A81006BAC6A /* MainTableViewController.swift */ = {isa = PBXFileReference; fileEncoding = 4; lastKnownFileType = sourcecode.swift; path = MainTableViewController.swift; sourceTree = "<group>"; };
		E747DDB41F447322006BAC6A /* TouchSampleViewController.storyboard */ = {isa = PBXFileReference; fileEncoding = 4; lastKnownFileType = file.storyboard; path = TouchSampleViewController.storyboard; sourceTree = "<group>"; };
		E747DDB61F447335006BAC6A /* TouchSampleViewController.swift */ = {isa = PBXFileReference; fileEncoding = 4; lastKnownFileType = sourcecode.swift; path = TouchSampleViewController.swift; sourceTree = "<group>"; };
		E747DDB81F4473E8006BAC6A /* ViewController.swift */ = {isa = PBXFileReference; fileEncoding = 4; lastKnownFileType = sourcecode.swift; path = ViewController.swift; sourceTree = "<group>"; };
		E76820061F7AAEB4009E8FD2 /* ImageSampleView.swift */ = {isa = PBXFileReference; lastKnownFileType = sourcecode.swift; path = ImageSampleView.swift; sourceTree = "<group>"; };
		E76820081F7AAEE1009E8FD2 /* ImageSampleViewController.swift */ = {isa = PBXFileReference; lastKnownFileType = sourcecode.swift; path = ImageSampleViewController.swift; sourceTree = "<group>"; };
		E768200A1F7AAF0D009E8FD2 /* ImageSampleViewController.storyboard */ = {isa = PBXFileReference; lastKnownFileType = file.storyboard; path = ImageSampleViewController.storyboard; sourceTree = "<group>"; };
		E77AEFDD1FF684C600B97406 /* TriangleSampleViewController.storyboard */ = {isa = PBXFileReference; lastKnownFileType = file.storyboard; path = TriangleSampleViewController.storyboard; sourceTree = "<group>"; };
		E77AEFE01FF684E900B97406 /* TriangleSampleViewController.swift */ = {isa = PBXFileReference; lastKnownFileType = sourcecode.swift; path = TriangleSampleViewController.swift; sourceTree = "<group>"; };
		E77AEFE21FF684F600B97406 /* TriangleSampleView.swift */ = {isa = PBXFileReference; lastKnownFileType = sourcecode.swift; path = TriangleSampleView.swift; sourceTree = "<group>"; };
		E77AEFE81FF68ACB00B97406 /* QuadSampleViewController.swift */ = {isa = PBXFileReference; lastKnownFileType = sourcecode.swift; path = QuadSampleViewController.swift; sourceTree = "<group>"; };
		E77AEFED1FF68AF300B97406 /* QuadSampleViewController.storyboard */ = {isa = PBXFileReference; lastKnownFileType = file.storyboard; path = QuadSampleViewController.storyboard; sourceTree = "<group>"; };
		E77AEFEF1FF68B0200B97406 /* QuadSampleView.swift */ = {isa = PBXFileReference; lastKnownFileType = sourcecode.swift; path = QuadSampleView.swift; sourceTree = "<group>"; };
		E7B77DC41FF7B74100CE691A /* CurveSampleViewController.swift */ = {isa = PBXFileReference; lastKnownFileType = sourcecode.swift; path = CurveSampleViewController.swift; sourceTree = "<group>"; };
		E7B77DC71FF7B75500CE691A /* CurveSampleView.swift */ = {isa = PBXFileReference; lastKnownFileType = sourcecode.swift; path = CurveSampleView.swift; sourceTree = "<group>"; };
		E7B77DC91FF7B76300CE691A /* CurveSampleViewController.storyboard */ = {isa = PBXFileReference; lastKnownFileType = file.storyboard; path = CurveSampleViewController.storyboard; sourceTree = "<group>"; };
		E7D399111F44A4D1006AF039 /* ParticlesSampleView.swift */ = {isa = PBXFileReference; lastKnownFileType = sourcecode.swift; path = ParticlesSampleView.swift; sourceTree = "<group>"; };
		E7D399131F44A505006AF039 /* ParticlesSampleViewController.swift */ = {isa = PBXFileReference; lastKnownFileType = sourcecode.swift; path = ParticlesSampleViewController.swift; sourceTree = "<group>"; };
		E7F3BA7C1F44880200EFB169 /* TextSampleViewController.swift */ = {isa = PBXFileReference; lastKnownFileType = sourcecode.swift; path = TextSampleViewController.swift; sourceTree = "<group>"; };
		E7F3BA7E1F44880F00EFB169 /* RectSampleViewController.swift */ = {isa = PBXFileReference; lastKnownFileType = sourcecode.swift; path = RectSampleViewController.swift; sourceTree = "<group>"; };
		E7F3BA801F44881A00EFB169 /* EllipseSampleViewController.swift */ = {isa = PBXFileReference; lastKnownFileType = sourcecode.swift; path = EllipseSampleViewController.swift; sourceTree = "<group>"; };
/* End PBXFileReference section */

/* Begin PBXFrameworksBuildPhase section */
		E74331041F34C6AB00D20482 /* Frameworks */ = {
			isa = PBXFrameworksBuildPhase;
			buildActionMask = 2147483647;
			files = (
				E747DD961F432F14006BAC6A /* ProcessingKit.framework in Frameworks */,
			);
			runOnlyForDeploymentPostprocessing = 0;
		};
/* End PBXFrameworksBuildPhase section */

/* Begin PBXGroup section */
		E7054ACD1F34CA9D00EA0C0F /* Frameworks */ = {
			isa = PBXGroup;
			children = (
				E7054ACF1F34CA9D00EA0C0F /* SpriteKit.framework */,
			);
			name = Frameworks;
			sourceTree = "<group>";
		};
		E74330FE1F34C6AB00D20482 = {
			isa = PBXGroup;
			children = (
				E7054ACD1F34CA9D00EA0C0F /* Frameworks */,
				E74331091F34C6AB00D20482 /* ProcessingKitExample */,
				E74331081F34C6AB00D20482 /* Products */,
				E747DD881F432E9B006BAC6A /* ProcessingKit.xcodeproj */,
			);
			sourceTree = "<group>";
		};
		E74331081F34C6AB00D20482 /* Products */ = {
			isa = PBXGroup;
			children = (
				E74331071F34C6AB00D20482 /* ProcessingKitExample.app */,
			);
			name = Products;
			sourceTree = "<group>";
		};
		E74331091F34C6AB00D20482 /* ProcessingKitExample */ = {
			isa = PBXGroup;
			children = (
				E7F3BA7A1F4487A500EFB169 /* BasicFunctions */,
				E747DDBA1F447D68006BAC6A /* Extensions */,
				E7D3990D1F44A480006AF039 /* OthersSample */,
				E747DDB31F44730D006BAC6A /* TouchSample */,
				E743310A1F34C6AB00D20482 /* AppDelegate.swift */,
				E74331111F34C6AB00D20482 /* Assets.xcassets */,
				E74331161F34C6AB00D20482 /* Info.plist */,
				E74331131F34C6AB00D20482 /* LaunchScreen.storyboard */,
				E743310E1F34C6AB00D20482 /* Main.storyboard */,
				E747DDB11F446A81006BAC6A /* MainTableViewController.swift */,
			);
			path = ProcessingKitExample;
			sourceTree = "<group>";
		};
		E747DD891F432E9B006BAC6A /* Products */ = {
			isa = PBXGroup;
			children = (
				E747DD8E1F432E9C006BAC6A /* ProcessingKit.framework */,
				E747DD901F432E9C006BAC6A /* ProcessingKitTests.xctest */,
				E7E79BDA2008674B003CDAC5 /* ProcessingKit.framework */,
				E7B2F729214555F2003B642A /* ProcessingKitCore.framework */,
				E7B2F72B214555F2003B642A /* ProcessingKitCoreOSX.framework */,
			);
			name = Products;
			sourceTree = "<group>";
		};
		E747DDB31F44730D006BAC6A /* TouchSample */ = {
			isa = PBXGroup;
			children = (
				E7054AD61F34D36200EA0C0F /* TouchSampleView.swift */,
				E747DDB41F447322006BAC6A /* TouchSampleViewController.storyboard */,
				E747DDB61F447335006BAC6A /* TouchSampleViewController.swift */,
			);
			path = TouchSample;
			sourceTree = "<group>";
		};
		E747DDBA1F447D68006BAC6A /* Extensions */ = {
			isa = PBXGroup;
			children = (
				E747DDB81F4473E8006BAC6A /* ViewController.swift */,
			);
			path = Extensions;
			sourceTree = "<group>";
		};
		E7D3990D1F44A480006AF039 /* OthersSample */ = {
			isa = PBXGroup;
			children = (
				E72A2AB41F7F96020044F879 /* ClockSampleView.swift */,
				E72A2AB11F7F95F50044F879 /* ClockSampleViewController.storyboard */,
				E72A2AB61F7F961A0044F879 /* ClockSampleViewController.swift */,
				E7D399111F44A4D1006AF039 /* ParticlesSampleView.swift */,
				E71779F71F4C60A2004243F2 /* ParticlesSampleViewController.storyboard */,
				E7D399131F44A505006AF039 /* ParticlesSampleViewController.swift */,
			);
			path = OthersSample;
			sourceTree = "<group>";
		};
		E7F3BA7A1F4487A500EFB169 /* BasicFunctions */ = {
			isa = PBXGroup;
			children = (
				E71388DA1F7956B700A45FA6 /* ArcSampleView.swift */,
				E71388D81F79569900A45FA6 /* ArcSampleViewController.storyboard */,
				E71388D51F79568F00A45FA6 /* ArcSampleViewController.swift */,
				E70595201F44899E005C8856 /* EllipseSampleView.swift */,
				E71779FE1F4C6195004243F2 /* EllipseSampleViewController.storyboard */,
				E7F3BA801F44881A00EFB169 /* EllipseSampleViewController.swift */,
				E76820061F7AAEB4009E8FD2 /* ImageSampleView.swift */,
				E768200A1F7AAF0D009E8FD2 /* ImageSampleViewController.storyboard */,
				E76820081F7AAEE1009E8FD2 /* ImageSampleViewController.swift */,
				E70595241F4489B8005C8856 /* RectSampleView.swift */,
				E71779FA1F4C6169004243F2 /* RectSampleViewController.storyboard */,
				E7F3BA7E1F44880F00EFB169 /* RectSampleViewController.swift */,
				E70595221F4489AA005C8856 /* TextSampleView.swift */,
				E71779FC1F4C617E004243F2 /* TextSampleViewController.storyboard */,
				E7F3BA7C1F44880200EFB169 /* TextSampleViewController.swift */,
				E77AEFE21FF684F600B97406 /* TriangleSampleView.swift */,
				E77AEFDD1FF684C600B97406 /* TriangleSampleViewController.storyboard */,
				E77AEFE01FF684E900B97406 /* TriangleSampleViewController.swift */,
				E77AEFEF1FF68B0200B97406 /* QuadSampleView.swift */,
				E77AEFED1FF68AF300B97406 /* QuadSampleViewController.storyboard */,
				E77AEFE81FF68ACB00B97406 /* QuadSampleViewController.swift */,
				E7B77DC71FF7B75500CE691A /* CurveSampleView.swift */,
				E7B77DC91FF7B76300CE691A /* CurveSampleViewController.storyboard */,
				E7B77DC41FF7B74100CE691A /* CurveSampleViewController.swift */,
			);
			path = BasicFunctions;
			sourceTree = "<group>";
		};
/* End PBXGroup section */

/* Begin PBXNativeTarget section */
		E74331061F34C6AB00D20482 /* ProcessingKitExample */ = {
			isa = PBXNativeTarget;
			buildConfigurationList = E74331191F34C6AB00D20482 /* Build configuration list for PBXNativeTarget "ProcessingKitExample" */;
			buildPhases = (
				E74331031F34C6AB00D20482 /* Sources */,
				E74331041F34C6AB00D20482 /* Frameworks */,
				E74331051F34C6AB00D20482 /* Resources */,
				E747DD9A1F432F14006BAC6A /* Embed Frameworks */,
			);
			buildRules = (
			);
			dependencies = (
				E747DD991F432F14006BAC6A /* PBXTargetDependency */,
			);
			name = ProcessingKitExample;
			productName = ProcessingKitExample;
			productReference = E74331071F34C6AB00D20482 /* ProcessingKitExample.app */;
			productType = "com.apple.product-type.application";
		};
/* End PBXNativeTarget section */

/* Begin PBXProject section */
		E74330FF1F34C6AB00D20482 /* Project object */ = {
			isa = PBXProject;
			attributes = {
				LastSwiftUpdateCheck = 0830;
				LastUpgradeCheck = 0940;
				ORGANIZATIONNAME = "Atsuya Sato";
				TargetAttributes = {
					E74331061F34C6AB00D20482 = {
						CreatedOnToolsVersion = 8.3.3;
						DevelopmentTeam = DEQGLB9PU4;
						ProvisioningStyle = Automatic;
					};
				};
			};
			buildConfigurationList = E74331021F34C6AB00D20482 /* Build configuration list for PBXProject "ProcessingKitExample" */;
			compatibilityVersion = "Xcode 3.2";
			developmentRegion = English;
			hasScannedForEncodings = 0;
			knownRegions = (
				en,
				Base,
			);
			mainGroup = E74330FE1F34C6AB00D20482;
			productRefGroup = E74331081F34C6AB00D20482 /* Products */;
			projectDirPath = "";
			projectReferences = (
				{
					ProductGroup = E747DD891F432E9B006BAC6A /* Products */;
					ProjectRef = E747DD881F432E9B006BAC6A /* ProcessingKit.xcodeproj */;
				},
			);
			projectRoot = "";
			targets = (
				E74331061F34C6AB00D20482 /* ProcessingKitExample */,
			);
		};
/* End PBXProject section */

/* Begin PBXReferenceProxy section */
		E747DD8E1F432E9C006BAC6A /* ProcessingKit.framework */ = {
			isa = PBXReferenceProxy;
			fileType = wrapper.framework;
			path = ProcessingKit.framework;
			remoteRef = E747DD8D1F432E9C006BAC6A /* PBXContainerItemProxy */;
			sourceTree = BUILT_PRODUCTS_DIR;
		};
		E747DD901F432E9C006BAC6A /* ProcessingKitTests.xctest */ = {
			isa = PBXReferenceProxy;
			fileType = wrapper.cfbundle;
			path = ProcessingKitTests.xctest;
			remoteRef = E747DD8F1F432E9C006BAC6A /* PBXContainerItemProxy */;
			sourceTree = BUILT_PRODUCTS_DIR;
		};
		E7B2F729214555F2003B642A /* ProcessingKitCore.framework */ = {
			isa = PBXReferenceProxy;
			fileType = wrapper.framework;
			path = ProcessingKitCore.framework;
			remoteRef = E7B2F728214555F2003B642A /* PBXContainerItemProxy */;
			sourceTree = BUILT_PRODUCTS_DIR;
		};
		E7B2F72B214555F2003B642A /* ProcessingKitCoreOSX.framework */ = {
			isa = PBXReferenceProxy;
			fileType = wrapper.framework;
			path = ProcessingKitCoreOSX.framework;
			remoteRef = E7B2F72A214555F2003B642A /* PBXContainerItemProxy */;
			sourceTree = BUILT_PRODUCTS_DIR;
		};
		E7E79BDA2008674B003CDAC5 /* ProcessingKit.framework */ = {
			isa = PBXReferenceProxy;
			fileType = wrapper.framework;
			path = ProcessingKit.framework;
			remoteRef = E7E79BD92008674B003CDAC5 /* PBXContainerItemProxy */;
			sourceTree = BUILT_PRODUCTS_DIR;
		};
/* End PBXReferenceProxy section */

/* Begin PBXResourcesBuildPhase section */
		E74331051F34C6AB00D20482 /* Resources */ = {
			isa = PBXResourcesBuildPhase;
			buildActionMask = 2147483647;
			files = (
				E71779FD1F4C617E004243F2 /* TextSampleViewController.storyboard in Resources */,
				E77AEFEE1FF68AF300B97406 /* QuadSampleViewController.storyboard in Resources */,
				E71388D91F79569900A45FA6 /* ArcSampleViewController.storyboard in Resources */,
				E7B77DCA1FF7B76300CE691A /* CurveSampleViewController.storyboard in Resources */,
				E74331151F34C6AB00D20482 /* LaunchScreen.storyboard in Resources */,
				E71779FB1F4C6169004243F2 /* RectSampleViewController.storyboard in Resources */,
				E74331121F34C6AB00D20482 /* Assets.xcassets in Resources */,
				E77AEFDE1FF684C600B97406 /* TriangleSampleViewController.storyboard in Resources */,
				E71779FF1F4C6195004243F2 /* EllipseSampleViewController.storyboard in Resources */,
				E768200B1F7AAF87009E8FD2 /* ImageSampleViewController.storyboard in Resources */,
				E74331101F34C6AB00D20482 /* Main.storyboard in Resources */,
				E747DDB51F447322006BAC6A /* TouchSampleViewController.storyboard in Resources */,
				E71779F81F4C60A2004243F2 /* ParticlesSampleViewController.storyboard in Resources */,
				E72A2AB21F7F95F50044F879 /* ClockSampleViewController.storyboard in Resources */,
			);
			runOnlyForDeploymentPostprocessing = 0;
		};
/* End PBXResourcesBuildPhase section */

/* Begin PBXSourcesBuildPhase section */
		E74331031F34C6AB00D20482 /* Sources */ = {
			isa = PBXSourcesBuildPhase;
			buildActionMask = 2147483647;
			files = (
				E7B77DC81FF7B75500CE691A /* CurveSampleView.swift in Sources */,
				E747DDB21F446A81006BAC6A /* MainTableViewController.swift in Sources */,
				E72A2AB51F7F96020044F879 /* ClockSampleView.swift in Sources */,
				E71388DB1F7956B700A45FA6 /* ArcSampleView.swift in Sources */,
				E7F3BA811F44881A00EFB169 /* EllipseSampleViewController.swift in Sources */,
				E76820071F7AAEB4009E8FD2 /* ImageSampleView.swift in Sources */,
				E7054AD71F34D36200EA0C0F /* TouchSampleView.swift in Sources */,
				E7D399141F44A505006AF039 /* ParticlesSampleViewController.swift in Sources */,
				E70595211F44899E005C8856 /* EllipseSampleView.swift in Sources */,
				E7B77DC51FF7B74100CE691A /* CurveSampleViewController.swift in Sources */,
				E77AEFE11FF684E900B97406 /* TriangleSampleViewController.swift in Sources */,
				E70595231F4489AA005C8856 /* TextSampleView.swift in Sources */,
				E77AEFF01FF68B0200B97406 /* QuadSampleView.swift in Sources */,
				E76820091F7AAEE1009E8FD2 /* ImageSampleViewController.swift in Sources */,
				E77AEFE91FF68ACB00B97406 /* QuadSampleViewController.swift in Sources */,
				E747DDB91F4473E8006BAC6A /* ViewController.swift in Sources */,
				E77AEFE31FF684F600B97406 /* TriangleSampleView.swift in Sources */,
				E7D399121F44A4D1006AF039 /* ParticlesSampleView.swift in Sources */,
				E7F3BA7F1F44880F00EFB169 /* RectSampleViewController.swift in Sources */,
				E72A2AB71F7F961A0044F879 /* ClockSampleViewController.swift in Sources */,
				E747DDB71F447335006BAC6A /* TouchSampleViewController.swift in Sources */,
				E7F3BA7D1F44880200EFB169 /* TextSampleViewController.swift in Sources */,
				E71388D61F79568F00A45FA6 /* ArcSampleViewController.swift in Sources */,
				E70595251F4489B8005C8856 /* RectSampleView.swift in Sources */,
				E743310B1F34C6AB00D20482 /* AppDelegate.swift in Sources */,
			);
			runOnlyForDeploymentPostprocessing = 0;
		};
/* End PBXSourcesBuildPhase section */

/* Begin PBXTargetDependency section */
		E747DD991F432F14006BAC6A /* PBXTargetDependency */ = {
			isa = PBXTargetDependency;
			name = ProcessingKit;
			targetProxy = E747DD981F432F14006BAC6A /* PBXContainerItemProxy */;
		};
/* End PBXTargetDependency section */

/* Begin PBXVariantGroup section */
		E743310E1F34C6AB00D20482 /* Main.storyboard */ = {
			isa = PBXVariantGroup;
			children = (
				E743310F1F34C6AB00D20482 /* Base */,
			);
			name = Main.storyboard;
			path = .;
			sourceTree = "<group>";
		};
		E74331131F34C6AB00D20482 /* LaunchScreen.storyboard */ = {
			isa = PBXVariantGroup;
			children = (
				E74331141F34C6AB00D20482 /* Base */,
			);
			name = LaunchScreen.storyboard;
			path = .;
			sourceTree = "<group>";
		};
/* End PBXVariantGroup section */

/* Begin XCBuildConfiguration section */
		E74331171F34C6AB00D20482 /* Debug */ = {
			isa = XCBuildConfiguration;
			buildSettings = {
				ALWAYS_SEARCH_USER_PATHS = NO;
				CLANG_ANALYZER_NONNULL = YES;
				CLANG_ANALYZER_NUMBER_OBJECT_CONVERSION = YES_AGGRESSIVE;
				CLANG_CXX_LANGUAGE_STANDARD = "gnu++0x";
				CLANG_CXX_LIBRARY = "libc++";
				CLANG_ENABLE_MODULES = YES;
				CLANG_ENABLE_OBJC_ARC = YES;
				CLANG_WARN_BLOCK_CAPTURE_AUTORELEASING = YES;
				CLANG_WARN_BOOL_CONVERSION = YES;
				CLANG_WARN_COMMA = YES;
				CLANG_WARN_CONSTANT_CONVERSION = YES;
				CLANG_WARN_DEPRECATED_OBJC_IMPLEMENTATIONS = YES;
				CLANG_WARN_DIRECT_OBJC_ISA_USAGE = YES_ERROR;
				CLANG_WARN_DOCUMENTATION_COMMENTS = YES;
				CLANG_WARN_EMPTY_BODY = YES;
				CLANG_WARN_ENUM_CONVERSION = YES;
				CLANG_WARN_INFINITE_RECURSION = YES;
				CLANG_WARN_INT_CONVERSION = YES;
				CLANG_WARN_NON_LITERAL_NULL_CONVERSION = YES;
				CLANG_WARN_OBJC_IMPLICIT_RETAIN_SELF = YES;
				CLANG_WARN_OBJC_LITERAL_CONVERSION = YES;
				CLANG_WARN_OBJC_ROOT_CLASS = YES_ERROR;
				CLANG_WARN_RANGE_LOOP_ANALYSIS = YES;
				CLANG_WARN_STRICT_PROTOTYPES = YES;
				CLANG_WARN_SUSPICIOUS_MOVE = YES;
				CLANG_WARN_UNREACHABLE_CODE = YES;
				CLANG_WARN__DUPLICATE_METHOD_MATCH = YES;
				"CODE_SIGN_IDENTITY[sdk=iphoneos*]" = "iPhone Developer";
				COPY_PHASE_STRIP = NO;
				DEBUG_INFORMATION_FORMAT = dwarf;
				ENABLE_STRICT_OBJC_MSGSEND = YES;
				ENABLE_TESTABILITY = YES;
				GCC_C_LANGUAGE_STANDARD = gnu99;
				GCC_DYNAMIC_NO_PIC = NO;
				GCC_NO_COMMON_BLOCKS = YES;
				GCC_OPTIMIZATION_LEVEL = 0;
				GCC_PREPROCESSOR_DEFINITIONS = (
					"DEBUG=1",
					"$(inherited)",
				);
				GCC_WARN_64_TO_32_BIT_CONVERSION = YES;
				GCC_WARN_ABOUT_RETURN_TYPE = YES_ERROR;
				GCC_WARN_UNDECLARED_SELECTOR = YES;
				GCC_WARN_UNINITIALIZED_AUTOS = YES_AGGRESSIVE;
				GCC_WARN_UNUSED_FUNCTION = YES;
				GCC_WARN_UNUSED_VARIABLE = YES;
				IPHONEOS_DEPLOYMENT_TARGET = 10.0;
				MTL_ENABLE_DEBUG_INFO = YES;
				ONLY_ACTIVE_ARCH = YES;
				SDKROOT = iphoneos;
				SWIFT_ACTIVE_COMPILATION_CONDITIONS = DEBUG;
				SWIFT_OPTIMIZATION_LEVEL = "-Onone";
			};
			name = Debug;
		};
		E74331181F34C6AB00D20482 /* Release */ = {
			isa = XCBuildConfiguration;
			buildSettings = {
				ALWAYS_SEARCH_USER_PATHS = NO;
				CLANG_ANALYZER_NONNULL = YES;
				CLANG_ANALYZER_NUMBER_OBJECT_CONVERSION = YES_AGGRESSIVE;
				CLANG_CXX_LANGUAGE_STANDARD = "gnu++0x";
				CLANG_CXX_LIBRARY = "libc++";
				CLANG_ENABLE_MODULES = YES;
				CLANG_ENABLE_OBJC_ARC = YES;
				CLANG_WARN_BLOCK_CAPTURE_AUTORELEASING = YES;
				CLANG_WARN_BOOL_CONVERSION = YES;
				CLANG_WARN_COMMA = YES;
				CLANG_WARN_CONSTANT_CONVERSION = YES;
				CLANG_WARN_DEPRECATED_OBJC_IMPLEMENTATIONS = YES;
				CLANG_WARN_DIRECT_OBJC_ISA_USAGE = YES_ERROR;
				CLANG_WARN_DOCUMENTATION_COMMENTS = YES;
				CLANG_WARN_EMPTY_BODY = YES;
				CLANG_WARN_ENUM_CONVERSION = YES;
				CLANG_WARN_INFINITE_RECURSION = YES;
				CLANG_WARN_INT_CONVERSION = YES;
				CLANG_WARN_NON_LITERAL_NULL_CONVERSION = YES;
				CLANG_WARN_OBJC_IMPLICIT_RETAIN_SELF = YES;
				CLANG_WARN_OBJC_LITERAL_CONVERSION = YES;
				CLANG_WARN_OBJC_ROOT_CLASS = YES_ERROR;
				CLANG_WARN_RANGE_LOOP_ANALYSIS = YES;
				CLANG_WARN_STRICT_PROTOTYPES = YES;
				CLANG_WARN_SUSPICIOUS_MOVE = YES;
				CLANG_WARN_UNREACHABLE_CODE = YES;
				CLANG_WARN__DUPLICATE_METHOD_MATCH = YES;
				"CODE_SIGN_IDENTITY[sdk=iphoneos*]" = "iPhone Developer";
				COPY_PHASE_STRIP = NO;
				DEBUG_INFORMATION_FORMAT = "dwarf-with-dsym";
				ENABLE_NS_ASSERTIONS = NO;
				ENABLE_STRICT_OBJC_MSGSEND = YES;
				GCC_C_LANGUAGE_STANDARD = gnu99;
				GCC_NO_COMMON_BLOCKS = YES;
				GCC_WARN_64_TO_32_BIT_CONVERSION = YES;
				GCC_WARN_ABOUT_RETURN_TYPE = YES_ERROR;
				GCC_WARN_UNDECLARED_SELECTOR = YES;
				GCC_WARN_UNINITIALIZED_AUTOS = YES_AGGRESSIVE;
				GCC_WARN_UNUSED_FUNCTION = YES;
				GCC_WARN_UNUSED_VARIABLE = YES;
				IPHONEOS_DEPLOYMENT_TARGET = 10.0;
				MTL_ENABLE_DEBUG_INFO = NO;
				SDKROOT = iphoneos;
				SWIFT_OPTIMIZATION_LEVEL = "-Owholemodule";
				VALIDATE_PRODUCT = YES;
			};
			name = Release;
		};
		E743311A1F34C6AB00D20482 /* Debug */ = {
			isa = XCBuildConfiguration;
			buildSettings = {
				ALWAYS_EMBED_SWIFT_STANDARD_LIBRARIES = YES;
				ASSETCATALOG_COMPILER_APPICON_NAME = AppIcon;
				DEVELOPMENT_TEAM = DEQGLB9PU4;
				INFOPLIST_FILE = "$(SRCROOT)/ProcessingKitExample/Info.plist";
				IPHONEOS_DEPLOYMENT_TARGET = 10.0;
				LD_RUNPATH_SEARCH_PATHS = "$(inherited) @executable_path/Frameworks";
				PRODUCT_BUNDLE_IDENTIFIER = io.github.natmark.ProcessingKitExample;
				PRODUCT_NAME = "$(TARGET_NAME)";
				SWIFT_VERSION = 3.0;
			};
			name = Debug;
		};
		E743311B1F34C6AB00D20482 /* Release */ = {
			isa = XCBuildConfiguration;
			buildSettings = {
				ALWAYS_EMBED_SWIFT_STANDARD_LIBRARIES = YES;
				ASSETCATALOG_COMPILER_APPICON_NAME = AppIcon;
				DEVELOPMENT_TEAM = DEQGLB9PU4;
				INFOPLIST_FILE = "$(SRCROOT)/ProcessingKitExample/Info.plist";
				IPHONEOS_DEPLOYMENT_TARGET = 10.0;
				LD_RUNPATH_SEARCH_PATHS = "$(inherited) @executable_path/Frameworks";
				PRODUCT_BUNDLE_IDENTIFIER = io.github.natmark.ProcessingKitExample;
				PRODUCT_NAME = "$(TARGET_NAME)";
				SWIFT_VERSION = 3.0;
			};
			name = Release;
		};
/* End XCBuildConfiguration section */

/* Begin XCConfigurationList section */
		E74331021F34C6AB00D20482 /* Build configuration list for PBXProject "ProcessingKitExample" */ = {
			isa = XCConfigurationList;
			buildConfigurations = (
				E74331171F34C6AB00D20482 /* Debug */,
				E74331181F34C6AB00D20482 /* Release */,
			);
			defaultConfigurationIsVisible = 0;
			defaultConfigurationName = Release;
		};
		E74331191F34C6AB00D20482 /* Build configuration list for PBXNativeTarget "ProcessingKitExample" */ = {
			isa = XCConfigurationList;
			buildConfigurations = (
				E743311A1F34C6AB00D20482 /* Debug */,
				E743311B1F34C6AB00D20482 /* Release */,
			);
			defaultConfigurationIsVisible = 0;
			defaultConfigurationName = Release;
		};
/* End XCConfigurationList section */
	};
	rootObject = E74330FF1F34C6AB00D20482 /* Project object */;
}
